// !$*UTF8*$!
{
	archiveVersion = 1;
	classes = {
	};
	objectVersion = 77;
	objects = {

/* Begin PBXContainerItemProxy section */
		242ABC6B2FC06E3800D5DB8F /* PBXContainerItemProxy */ = {
			isa = PBXContainerItemProxy;
			containerPortal = 242ABC552FC06E3600D5DB8F /* Project object */;
			proxyType = 1;
			remoteGlobalIDString = 242ABC5C2FC06E3600D5DB8F;
			remoteInfo = TakeHomeExerciseProject;
		};
		242ABC752FC06E3800D5DB8F /* PBXContainerItemProxy */ = {
			isa = PBXContainerItemProxy;
			containerPortal = 242ABC552FC06E3600D5DB8F /* Project object */;
			proxyType = 1;
			remoteGlobalIDString = 242ABC5C2FC06E3600D5DB8F;
			remoteInfo = TakeHomeExerciseProject;
		};
/* End PBXContainerItemProxy section */

/* Begin PBXFileReference section */
		242ABC5D2FC06E3600D5DB8F /* TakeHomeExerciseProject.app */ = {isa = PBXFileReference; explicitFileType = wrapper.application; includeInIndex = 0; path = TakeHomeExerciseProject.app; sourceTree = BUILT_PRODUCTS_DIR; };
		242ABC6A2FC06E3800D5DB8F /* TakeHomeExerciseProjectTests.xctest */ = {isa = PBXFileReference; explicitFileType = wrapper.cfbundle; includeInIndex = 0; path = TakeHomeExerciseProjectTests.xctest; sourceTree = BUILT_PRODUCTS_DIR; };
		242ABC742FC06E3800D5DB8F /* TakeHomeExerciseProjectUITests.xctest */ = {isa = PBXFileReference; explicitFileType = wrapper.cfbundle; includeInIndex = 0; path = TakeHomeExerciseProjectUITests.xctest; sourceTree = BUILT_PRODUCTS_DIR; };
/* End PBXFileReference section */

/* Begin PBXFileSystemSynchronizedRootGroup section */
		242ABC5F2FC06E3600D5DB8F /* TakeHomeExerciseProject */ = {
			isa = PBXFileSystemSynchronizedRootGroup;
			path = TakeHomeExerciseProject;
			sourceTree = "<group>";
		};
		242ABC6D2FC06E3800D5DB8F /* TakeHomeExerciseProjectTests */ = {
			isa = PBXFileSystemSynchronizedRootGroup;
			path = TakeHomeExerciseProjectTests;
			sourceTree = "<group>";
		};
		242ABC772FC06E3800D5DB8F /* TakeHomeExerciseProjectUITests */ = {
			isa = PBXFileSystemSynchronizedRootGroup;
			path = TakeHomeExerciseProjectUITests;
			sourceTree = "<group>";
		};
/* End PBXFileSystemSynchronizedRootGroup section */

/* Begin PBXFrameworksBuildPhase section */
		242ABC5A2FC06E3600D5DB8F /* Frameworks */ = {
			isa = PBXFrameworksBuildPhase;
			buildActionMask = 2147483647;
			files = (
			);
			runOnlyForDeploymentPostprocessing = 0;
		};
		242ABC672FC06E3800D5DB8F /* Frameworks */ = {
			isa = PBXFrameworksBuildPhase;
			buildActionMask = 2147483647;
			files = (
			);
			runOnlyForDeploymentPostprocessing = 0;
		};
		242ABC712FC06E3800D5DB8F /* Frameworks */ = {
			isa = PBXFrameworksBuildPhase;
			buildActionMask = 2147483647;
			files = (
			);
			runOnlyForDeploymentPostprocessing = 0;
		};
/* End PBXFrameworksBuildPhase section */

/* Begin PBXGroup section */
		242ABC542FC06E3600D5DB8F = {
			isa = PBXGroup;
			children = (
				242ABC5F2FC06E3600D5DB8F /* TakeHomeExerciseProject */,
				242ABC6D2FC06E3800D5DB8F /* TakeHomeExerciseProjectTests */,
				242ABC772FC06E3800D5DB8F /* TakeHomeExerciseProjectUITests */,
				242ABC5E2FC06E3600D5DB8F /* Products */,
			);
			sourceTree = "<group>";
		};
		242ABC5E2FC06E3600D5DB8F /* Products */ = {
			isa = PBXGroup;
			children = (
				242ABC5D2FC06E3600D5DB8F /* TakeHomeExerciseProject.app */,
				242ABC6A2FC06E3800D5DB8F /* TakeHomeExerciseProjectTests.xctest */,
				242ABC742FC06E3800D5DB8F /* TakeHomeExerciseProjectUITests.xctest */,
			);
			name = Products;
			sourceTree = "<group>";
		};
/* End PBXGroup section */

/* Begin PBXNativeTarget section */
		242ABC5C2FC06E3600D5DB8F /* TakeHomeExerciseProject */ = {
			isa = PBXNativeTarget;
			buildConfigurationList = 242ABC7E2FC06E3800D5DB8F /* Build configuration list for PBXNativeTarget "TakeHomeExerciseProject" */;
			buildPhases = (
				242ABC592FC06E3600D5DB8F /* Sources */,
				242ABC5A2FC06E3600D5DB8F /* Frameworks */,
				242ABC5B2FC06E3600D5DB8F /* Resources */,
			);
			buildRules = (
			);
			dependencies = (
			);
			fileSystemSynchronizedGroups = (
				242ABC5F2FC06E3600D5DB8F /* TakeHomeExerciseProject */,
			);
			name = TakeHomeExerciseProject;
			packageProductDependencies = (
			);
			productName = TakeHomeExerciseProject;
			productReference = 242ABC5D2FC06E3600D5DB8F /* TakeHomeExerciseProject.app */;
			productType = "com.apple.product-type.application";
		};
		242ABC692FC06E3800D5DB8F /* TakeHomeExerciseProjectTests */ = {
			isa = PBXNativeTarget;
			buildConfigurationList = 242ABC812FC06E3800D5DB8F /* Build configuration list for PBXNativeTarget "TakeHomeExerciseProjectTests" */;
			buildPhases = (
				242ABC662FC06E3800D5DB8F /* Sources */,
				242ABC672FC06E3800D5DB8F /* Frameworks */,
				242ABC682FC06E3800D5DB8F /* Resources */,
			);
			buildRules = (
			);
			dependencies = (
				242ABC6C2FC06E3800D5DB8F /* PBXTargetDependency */,
			);
			fileSystemSynchronizedGroups = (
				242ABC6D2FC06E3800D5DB8F /* TakeHomeExerciseProjectTests */,
			);
			name = TakeHomeExerciseProjectTests;
			packageProductDependencies = (
			);
			productName = TakeHomeExerciseProjectTests;
			productReference = 242ABC6A2FC06E3800D5DB8F /* TakeHomeExerciseProjectTests.xctest */;
			productType = "com.apple.product-type.bundle.unit-test";
		};
		242ABC732FC06E3800D5DB8F /* TakeHomeExerciseProjectUITests */ = {
			isa = PBXNativeTarget;
			buildConfigurationList = 242ABC842FC06E3800D5DB8F /* Build configuration list for PBXNativeTarget "TakeHomeExerciseProjectUITests" */;
			buildPhases = (
				242ABC702FC06E3800D5DB8F /* Sources */,
				242ABC712FC06E3800D5DB8F /* Frameworks */,
				242ABC722FC06E3800D5DB8F /* Resources */,
			);
			buildRules = (
			);
			dependencies = (
				242ABC762FC06E3800D5DB8F /* PBXTargetDependency */,
			);
			fileSystemSynchronizedGroups = (
				242ABC772FC06E3800D5DB8F /* TakeHomeExerciseProjectUITests */,
			);
			name = TakeHomeExerciseProjectUITests;
			packageProductDependencies = (
			);
			productName = TakeHomeExerciseProjectUITests;
			productReference = 242ABC742FC06E3800D5DB8F /* TakeHomeExerciseProjectUITests.xctest */;
			productType = "com.apple.product-type.bundle.ui-testing";
		};
/* End PBXNativeTarget section */

/* Begin PBXProject section */
		242ABC552FC06E3600D5DB8F /* Project object */ = {
			isa = PBXProject;
			attributes = {
				BuildIndependentTargetsInParallel = 1;
				LastSwiftUpdateCheck = 2650;
				LastUpgradeCheck = 2650;
				TargetAttributes = {
					242ABC5C2FC06E3600D5DB8F = {
						CreatedOnToolsVersion = 26.5;
					};
					242ABC692FC06E3800D5DB8F = {
						CreatedOnToolsVersion = 26.5;
						TestTargetID = 242ABC5C2FC06E3600D5DB8F;
					};
					242ABC732FC06E3800D5DB8F = {
						CreatedOnToolsVersion = 26.5;
						TestTargetID = 242ABC5C2FC06E3600D5DB8F;
					};
				};
			};
			buildConfigurationList = 242ABC582FC06E3600D5DB8F /* Build configuration list for PBXProject "TakeHomeExerciseProject" */;
			developmentRegion = en;
			hasScannedForEncodings = 0;
			knownRegions = (
				en,
				Base,
			);
			mainGroup = 242ABC542FC06E3600D5DB8F;
			minimizedProjectReferenceProxies = 1;
			preferredProjectObjectVersion = 77;
			productRefGroup = 242ABC5E2FC06E3600D5DB8F /* Products */;
			projectDirPath = "";
			projectRoot = "";
			targets = (
				242ABC5C2FC06E3600D5DB8F /* TakeHomeExerciseProject */,
				242ABC692FC06E3800D5DB8F /* TakeHomeExerciseProjectTests */,
				242ABC732FC06E3800D5DB8F /* TakeHomeExerciseProjectUITests */,
			);
		};
/* End PBXProject section */

/* Begin PBXResourcesBuildPhase section */
		242ABC5B2FC06E3600D5DB8F /* Resources */ = {
			isa = PBXResourcesBuildPhase;
			buildActionMask = 2147483647;
			files = (
			);
			runOnlyForDeploymentPostprocessing = 0;
		};
		242ABC682FC06E3800D5DB8F /* Resources */ = {
			isa = PBXResourcesBuildPhase;
			buildActionMask = 2147483647;
			files = (
			);
			runOnlyForDeploymentPostprocessing = 0;
		};
		242ABC722FC06E3800D5DB8F /* Resources */ = {
			isa = PBXResourcesBuildPhase;
			buildActionMask = 2147483647;
			files = (
			);
			runOnlyForDeploymentPostprocessing = 0;
		};
/* End PBXResourcesBuildPhase section */

/* Begin PBXSourcesBuildPhase section */
		242ABC592FC06E3600D5DB8F /* Sources */ = {
			isa = PBXSourcesBuildPhase;
			buildActionMask = 2147483647;
			files = (
			);
			runOnlyForDeploymentPostprocessing = 0;
		};
		242ABC662FC06E3800D5DB8F /* Sources */ = {
			isa = PBXSourcesBuildPhase;
			buildActionMask = 2147483647;
			files = (
			);
			runOnlyForDeploymentPostprocessing = 0;
		};
		242ABC702FC06E3800D5DB8F /* Sources */ = {
			isa = PBXSourcesBuildPhase;
			buildActionMask = 2147483647;
			files = (
			);
			runOnlyForDeploymentPostprocessing = 0;
		};
/* End PBXSourcesBuildPhase section */

/* Begin PBXTargetDependency section */
		242ABC6C2FC06E3800D5DB8F /* PBXTargetDependency */ = {
			isa = PBXTargetDependency;
			target = 242ABC5C2FC06E3600D5DB8F /* TakeHomeExerciseProject */;
			targetProxy = 242ABC6B2FC06E3800D5DB8F /* PBXContainerItemProxy */;
		};
		242ABC762FC06E3800D5DB8F /* PBXTargetDependency */ = {
			isa = PBXTargetDependency;
			target = 242ABC5C2FC06E3600D5DB8F /* TakeHomeExerciseProject */;
			targetProxy = 242ABC752FC06E3800D5DB8F /* PBXContainerItemProxy */;
		};
/* End PBXTargetDependency section */

/* Begin XCBuildConfiguration section */
		242ABC7C2FC06E3800D5DB8F /* Debug */ = {
			isa = XCBuildConfiguration;
			buildSettings = {
				ALWAYS_SEARCH_USER_PATHS = NO;
				ASSETCATALOG_COMPILER_GENERATE_SWIFT_ASSET_SYMBOL_EXTENSIONS = YES;
				CLANG_ANALYZER_NONNULL = YES;
				CLANG_ANALYZER_NUMBER_OBJECT_CONVERSION = YES_AGGRESSIVE;
				CLANG_CXX_LANGUAGE_STANDARD = "gnu++20";
				CLANG_ENABLE_MODULES = YES;
				CLANG_ENABLE_OBJC_ARC = YES;
				CLANG_ENABLE_OBJC_WEAK = YES;
				CLANG_WARN_BLOCK_CAPTURE_AUTORELEASING = YES;
				CLANG_WARN_BOOL_CONVERSION = YES;
				CLANG_WARN_COMMA = YES;
				CLANG_WARN_CONSTANT_CONVERSION = YES;
				CLANG_WARN_DEPRECATED_OBJC_IMPLEMENTATIONS = YES;
				CLANG_WARN_DIRECT_OBJC_ISA_USAGE = YES_ERROR;
				CLANG_WARN_DOCUMENTATION_COMMENTS = YES;
				CLANG_WARN_EMPTY_BODY = YES;
				CLANG_WARN_ENUM_CONVERSION = YES;
				CLANG_WARN_INFINITE_RECURSION = YES;
				CLANG_WARN_INT_CONVERSION = YES;
				CLANG_WARN_NON_LITERAL_NULL_CONVERSION = YES;
				CLANG_WARN_OBJC_IMPLICIT_RETAIN_SELF = YES;
				CLANG_WARN_OBJC_LITERAL_CONVERSION = YES;
				CLANG_WARN_OBJC_ROOT_CLASS = YES_ERROR;
				CLANG_WARN_QUOTED_INCLUDE_IN_FRAMEWORK_HEADER = YES;
				CLANG_WARN_RANGE_LOOP_ANALYSIS = YES;
				CLANG_WARN_STRICT_PROTOTYPES = YES;
				CLANG_WARN_SUSPICIOUS_MOVE = YES;
				CLANG_WARN_UNGUARDED_AVAILABILITY = YES_AGGRESSIVE;
				CLANG_WARN_UNREACHABLE_CODE = YES;
				CLANG_WARN__DUPLICATE_METHOD_MATCH = YES;
				COPY_PHASE_STRIP = NO;
				DEBUG_INFORMATION_FORMAT = dwarf;
				DEVELOPMENT_TEAM = 72G9H3GZCX;
				ENABLE_STRICT_OBJC_MSGSEND = YES;
				ENABLE_TESTABILITY = YES;
				ENABLE_USER_SCRIPT_SANDBOXING = YES;
				GCC_C_LANGUAGE_STANDARD = gnu17;
				GCC_DYNAMIC_NO_PIC = NO;
				GCC_NO_COMMON_BLOCKS = YES;
				GCC_OPTIMIZATION_LEVEL = 0;
				GCC_PREPROCESSOR_DEFINITIONS = (
					"DEBUG=1",
					"$(inherited)",
				);
				GCC_WARN_64_TO_32_BIT_CONVERSION = YES;
				GCC_WARN_ABOUT_RETURN_TYPE = YES_ERROR;
				GCC_WARN_UNDECLARED_SELECTOR = YES;
				GCC_WARN_UNINITIALIZED_AUTOS = YES_AGGRESSIVE;
				GCC_WARN_UNUSED_FUNCTION = YES;
				GCC_WARN_UNUSED_VARIABLE = YES;
				IPHONEOS_DEPLOYMENT_TARGET = 26.5;
				LOCALIZATION_PREFERS_STRING_CATALOGS = YES;
				MTL_ENABLE_DEBUG_INFO = INCLUDE_SOURCE;
				MTL_FAST_MATH = YES;
				ONLY_ACTIVE_ARCH = YES;
				SDKROOT = iphoneos;
				SWIFT_ACTIVE_COMPILATION_CONDITIONS = "DEBUG $(inherited)";
				SWIFT_OPTIMIZATION_LEVEL = "-Onone";
			};
			name = Debug;
		};
		242ABC7D2FC06E3800D5DB8F /* Release */ = {
			isa = XCBuildConfiguration;
			buildSettings = {
				ALWAYS_SEARCH_USER_PATHS = NO;
				ASSETCATALOG_COMPILER_GENERATE_SWIFT_ASSET_SYMBOL_EXTENSIONS = YES;
				CLANG_ANALYZER_NONNULL = YES;
				CLANG_ANALYZER_NUMBER_OBJECT_CONVERSION = YES_AGGRESSIVE;
				CLANG_CXX_LANGUAGE_STANDARD = "gnu++20";
				CLANG_ENABLE_MODULES = YES;
				CLANG_ENABLE_OBJC_ARC = YES;
				CLANG_ENABLE_OBJC_WEAK = YES;
				CLANG_WARN_BLOCK_CAPTURE_AUTORELEASING = YES;
				CLANG_WARN_BOOL_CONVERSION = YES;
				CLANG_WARN_COMMA = YES;
				CLANG_WARN_CONSTANT_CONVERSION = YES;
				CLANG_WARN_DEPRECATED_OBJC_IMPLEMENTATIONS = YES;
				CLANG_WARN_DIRECT_OBJC_ISA_USAGE = YES_ERROR;
				CLANG_WARN_DOCUMENTATION_COMMENTS = YES;
				CLANG_WARN_EMPTY_BODY = YES;
				CLANG_WARN_ENUM_CONVERSION = YES;
				CLANG_WARN_INFINITE_RECURSION = YES;
				CLANG_WARN_INT_CONVERSION = YES;
				CLANG_WARN_NON_LITERAL_NULL_CONVERSION = YES;
				CLANG_WARN_OBJC_IMPLICIT_RETAIN_SELF = YES;
				CLANG_WARN_OBJC_LITERAL_CONVERSION = YES;
				CLANG_WARN_OBJC_ROOT_CLASS = YES_ERROR;
				CLANG_WARN_QUOTED_INCLUDE_IN_FRAMEWORK_HEADER = YES;
				CLANG_WARN_RANGE_LOOP_ANALYSIS = YES;
				CLANG_WARN_STRICT_PROTOTYPES = YES;
				CLANG_WARN_SUSPICIOUS_MOVE = YES;
				CLANG_WARN_UNGUARDED_AVAILABILITY = YES_AGGRESSIVE;
				CLANG_WARN_UNREACHABLE_CODE = YES;
				CLANG_WARN__DUPLICATE_METHOD_MATCH = YES;
				COPY_PHASE_STRIP = NO;
				DEBUG_INFORMATION_FORMAT = "dwarf-with-dsym";
				DEVELOPMENT_TEAM = 72G9H3GZCX;
				ENABLE_NS_ASSERTIONS = NO;
				ENABLE_STRICT_OBJC_MSGSEND = YES;
				ENABLE_USER_SCRIPT_SANDBOXING = YES;
				GCC_C_LANGUAGE_STANDARD = gnu17;
				GCC_NO_COMMON_BLOCKS = YES;
				GCC_WARN_64_TO_32_BIT_CONVERSION = YES;
				GCC_WARN_ABOUT_RETURN_TYPE = YES_ERROR;
				GCC_WARN_UNDECLARED_SELECTOR = YES;
				GCC_WARN_UNINITIALIZED_AUTOS = YES_AGGRESSIVE;
				GCC_WARN_UNUSED_FUNCTION = YES;
				GCC_WARN_UNUSED_VARIABLE = YES;
				IPHONEOS_DEPLOYMENT_TARGET = 26.5;
				LOCALIZATION_PREFERS_STRING_CATALOGS = YES;
				MTL_ENABLE_DEBUG_INFO = NO;
				MTL_FAST_MATH = YES;
				SDKROOT = iphoneos;
				SWIFT_COMPILATION_MODE = wholemodule;
				VALIDATE_PRODUCT = YES;
			};
			name = Release;
		};
		242ABC7F2FC06E3800D5DB8F /* Debug */ = {
			isa = XCBuildConfiguration;
			buildSettings = {
				ASSETCATALOG_COMPILER_APPICON_NAME = AppIcon;
				ASSETCATALOG_COMPILER_GLOBAL_ACCENT_COLOR_NAME = AccentColor;
				CODE_SIGN_STYLE = Automatic;
				CURRENT_PROJECT_VERSION = 1;
				DEVELOPMENT_TEAM = 72G9H3GZCX;
				ENABLE_PREVIEWS = YES;
				GENERATE_INFOPLIST_FILE = YES;
				INFOPLIST_KEY_UIApplicationSceneManifest_Generation = YES;
				INFOPLIST_KEY_UIApplicationSupportsIndirectInputEvents = YES;
				INFOPLIST_KEY_UILaunchScreen_Generation = YES;
				INFOPLIST_KEY_UISupportedInterfaceOrientations_iPad = "UIInterfaceOrientationPortrait UIInterfaceOrientationPortraitUpsideDown UIInterfaceOrientationLandscapeLeft UIInterfaceOrientationLandscapeRight";
				INFOPLIST_KEY_UISupportedInterfaceOrientations_iPhone = "UIInterfaceOrientationPortrait UIInterfaceOrientationLandscapeLeft UIInterfaceOrientationLandscapeRight";
				IPHONEOS_DEPLOYMENT_TARGET = 16.6;
				LD_RUNPATH_SEARCH_PATHS = (
					"$(inherited)",
					"@executable_path/Frameworks",
				);
				MARKETING_VERSION = 1.0;
				PRODUCT_BUNDLE_IDENTIFIER = com.shamsnaqvi.TakeHomeExerciseProject;
				PRODUCT_NAME = "$(TARGET_NAME)";
				STRING_CATALOG_GENERATE_SYMBOLS = YES;
				SWIFT_APPROACHABLE_CONCURRENCY = YES;
				SWIFT_DEFAULT_ACTOR_ISOLATION = MainActor;
				SWIFT_EMIT_LOC_STRINGS = YES;
				SWIFT_UPCOMING_FEATURE_MEMBER_IMPORT_VISIBILITY = YES;
				SWIFT_VERSION = 5.0;
				TARGETED_DEVICE_FAMILY = "1,2";
			};
			name = Debug;
		};
		242ABC802FC06E3800D5DB8F /* Release */ = {
			isa = XCBuildConfiguration;
			buildSettings = {
				ASSETCATALOG_COMPILER_APPICON_NAME = AppIcon;
				ASSETCATALOG_COMPILER_GLOBAL_ACCENT_COLOR_NAME = AccentColor;
				CODE_SIGN_STYLE = Automatic;
				CURRENT_PROJECT_VERSION = 1;
				DEVELOPMENT_TEAM = 72G9H3GZCX;
				ENABLE_PREVIEWS = YES;
				GENERATE_INFOPLIST_FILE = YES;
				INFOPLIST_KEY_UIApplicationSceneManifest_Generation = YES;
				INFOPLIST_KEY_UIApplicationSupportsIndirectInputEvents = YES;
				INFOPLIST_KEY_UILaunchScreen_Generation = YES;
				INFOPLIST_KEY_UISupportedInterfaceOrientations_iPad = "UIInterfaceOrientationPortrait UIInterfaceOrientationPortraitUpsideDown UIInterfaceOrientationLandscapeLeft UIInterfaceOrientationLandscapeRight";
				INFOPLIST_KEY_UISupportedInterfaceOrientations_iPhone = "UIInterfaceOrientationPortrait UIInterfaceOrientationLandscapeLeft UIInterfaceOrientationLandscapeRight";
				IPHONEOS_DEPLOYMENT_TARGET = 16.6;
				LD_RUNPATH_SEARCH_PATHS = (
					"$(inherited)",
					"@executable_path/Frameworks",
				);
				MARKETING_VERSION = 1.0;
				PRODUCT_BUNDLE_IDENTIFIER = com.shamsnaqvi.TakeHomeExerciseProject;
				PRODUCT_NAME = "$(TARGET_NAME)";
				STRING_CATALOG_GENERATE_SYMBOLS = YES;
				SWIFT_APPROACHABLE_CONCURRENCY = YES;
				SWIFT_DEFAULT_ACTOR_ISOLATION = MainActor;
				SWIFT_EMIT_LOC_STRINGS = YES;
				SWIFT_UPCOMING_FEATURE_MEMBER_IMPORT_VISIBILITY = YES;
				SWIFT_VERSION = 5.0;
				TARGETED_DEVICE_FAMILY = "1,2";
			};
			name = Release;
		};
		242ABC822FC06E3800D5DB8F /* Debug */ = {
			isa = XCBuildConfiguration;
			buildSettings = {
				BUNDLE_LOADER = "$(TEST_HOST)";
				CODE_SIGN_STYLE = Automatic;
				CURRENT_PROJECT_VERSION = 1;
				DEVELOPMENT_TEAM = 72G9H3GZCX;
				GENERATE_INFOPLIST_FILE = YES;
				IPHONEOS_DEPLOYMENT_TARGET = 26.5;
				MARKETING_VERSION = 1.0;
				PRODUCT_BUNDLE_IDENTIFIER = com.shamsnaqvi.TakeHomeExerciseProjectTests;
				PRODUCT_NAME = "$(TARGET_NAME)";
				STRING_CATALOG_GENERATE_SYMBOLS = NO;
				SWIFT_APPROACHABLE_CONCURRENCY = YES;
				SWIFT_EMIT_LOC_STRINGS = NO;
				SWIFT_UPCOMING_FEATURE_MEMBER_IMPORT_VISIBILITY = YES;
				SWIFT_VERSION = 5.0;
				TARGETED_DEVICE_FAMILY = "1,2";
				TEST_HOST = "$(BUILT_PRODUCTS_DIR)/TakeHomeExerciseProject.app/$(BUNDLE_EXECUTABLE_FOLDER_PATH)/TakeHomeExerciseProject";
			};
			name = Debug;
		};
		242ABC832FC06E3800D5DB8F /* Release */ = {
			isa = XCBuildConfiguration;
			buildSettings = {
				BUNDLE_LOADER = "$(TEST_HOST)";
				CODE_SIGN_STYLE = Automatic;
				CURRENT_PROJECT_VERSION = 1;
				DEVELOPMENT_TEAM = 72G9H3GZCX;
				GENERATE_INFOPLIST_FILE = YES;
				IPHONEOS_DEPLOYMENT_TARGET = 26.5;
				MARKETING_VERSION = 1.0;
				PRODUCT_BUNDLE_IDENTIFIER = com.shamsnaqvi.TakeHomeExerciseProjectTests;
				PRODUCT_NAME = "$(TARGET_NAME)";
				STRING_CATALOG_GENERATE_SYMBOLS = NO;
				SWIFT_APPROACHABLE_CONCURRENCY = YES;
				SWIFT_EMIT_LOC_STRINGS = NO;
				SWIFT_UPCOMING_FEATURE_MEMBER_IMPORT_VISIBILITY = YES;
				SWIFT_VERSION = 5.0;
				TARGETED_DEVICE_FAMILY = "1,2";
				TEST_HOST = "$(BUILT_PRODUCTS_DIR)/TakeHomeExerciseProject.app/$(BUNDLE_EXECUTABLE_FOLDER_PATH)/TakeHomeExerciseProject";
			};
			name = Release;
		};
		242ABC852FC06E3800D5DB8F /* Debug */ = {
			isa = XCBuildConfiguration;
			buildSettings = {
				CODE_SIGN_STYLE = Automatic;
				CURRENT_PROJECT_VERSION = 1;
				DEVELOPMENT_TEAM = 72G9H3GZCX;
				GENERATE_INFOPLIST_FILE = YES;
				MARKETING_VERSION = 1.0;
				PRODUCT_BUNDLE_IDENTIFIER = com.shamsnaqvi.TakeHomeExerciseProjectUITests;
				PRODUCT_NAME = "$(TARGET_NAME)";
				STRING_CATALOG_GENERATE_SYMBOLS = NO;
				SWIFT_APPROACHABLE_CONCURRENCY = YES;
				SWIFT_EMIT_LOC_STRINGS = NO;
				SWIFT_UPCOMING_FEATURE_MEMBER_IMPORT_VISIBILITY = YES;
				SWIFT_VERSION = 5.0;
				TARGETED_DEVICE_FAMILY = "1,2";
				TEST_TARGET_NAME = TakeHomeExerciseProject;
			};
			name = Debug;
		};
		242ABC862FC06E3800D5DB8F /* Release */ = {
			isa = XCBuildConfiguration;
			buildSettings = {
				CODE_SIGN_STYLE = Automatic;
				CURRENT_PROJECT_VERSION = 1;
				DEVELOPMENT_TEAM = 72G9H3GZCX;
				GENERATE_INFOPLIST_FILE = YES;
				MARKETING_VERSION = 1.0;
				PRODUCT_BUNDLE_IDENTIFIER = com.shamsnaqvi.TakeHomeExerciseProjectUITests;
				PRODUCT_NAME = "$(TARGET_NAME)";
				STRING_CATALOG_GENERATE_SYMBOLS = NO;
				SWIFT_APPROACHABLE_CONCURRENCY = YES;
				SWIFT_EMIT_LOC_STRINGS = NO;
				SWIFT_UPCOMING_FEATURE_MEMBER_IMPORT_VISIBILITY = YES;
				SWIFT_VERSION = 5.0;
				TARGETED_DEVICE_FAMILY = "1,2";
				TEST_TARGET_NAME = TakeHomeExerciseProject;
			};
			name = Release;
		};
/* End XCBuildConfiguration section */

/* Begin XCConfigurationList section */
		242ABC582FC06E3600D5DB8F /* Build configuration list for PBXProject "TakeHomeExerciseProject" */ = {
			isa = XCConfigurationList;
			buildConfigurations = (
				242ABC7C2FC06E3800D5DB8F /* Debug */,
				242ABC7D2FC06E3800D5DB8F /* Release */,
			);
			defaultConfigurationIsVisible = 0;
			defaultConfigurationName = Release;
		};
		242ABC7E2FC06E3800D5DB8F /* Build configuration list for PBXNativeTarget "TakeHomeExerciseProject" */ = {
			isa = XCConfigurationList;
			buildConfigurations = (
				242ABC7F2FC06E3800D5DB8F /* Debug */,
				242ABC802FC06E3800D5DB8F /* Release */,
			);
			defaultConfigurationIsVisible = 0;
			defaultConfigurationName = Release;
		};
		242ABC812FC06E3800D5DB8F /* Build configuration list for PBXNativeTarget "TakeHomeExerciseProjectTests" */ = {
			isa = XCConfigurationList;
			buildConfigurations = (
				242ABC822FC06E3800D5DB8F /* Debug */,
				242ABC832FC06E3800D5DB8F /* Release */,
			);
			defaultConfigurationIsVisible = 0;
			defaultConfigurationName = Release;
		};
		242ABC842FC06E3800D5DB8F /* Build configuration list for PBXNativeTarget "TakeHomeExerciseProjectUITests" */ = {
			isa = XCConfigurationList;
			buildConfigurations = (
				242ABC852FC06E3800D5DB8F /* Debug */,
				242ABC862FC06E3800D5DB8F /* Release */,
			);
			defaultConfigurationIsVisible = 0;
			defaultConfigurationName = Release;
		};
/* End XCConfigurationList section */
	};
	rootObject = 242ABC552FC06E3600D5DB8F /* Project object */;
}
